<?xml version="1.0" encoding="utf-8"?>
<Project ToolsVersion="4.0" xmlns="http://schemas.microsoft.com/developer/msbuild/2003">
  <ItemGroup>
    <Filter Include="_Shared">
      <UniqueIdentifier>{93995380-89BD-4b04-88EB-625FBE52EBFB}</UniqueIdentifier>
      <Extensions>h;hh;hpp;hxx;hm;inl;inc;xsd</Extensions>
    </Filter>
    <Filter Include="Assign2">
      <UniqueIdentifier>{67DA6AB6-F800-4c08-8B7A-83BB121AAD01}</UniqueIdentifier>
      <Extensions>rc;ico;cur;bmp;dlg;rc2;rct;bin;rgs;gif;jpg;jpeg;jpe;resx;tiff;tif;png;wav;mfcribbon-ms</Extensions>
    </Filter>
    <Filter Include="Assign1">
      <UniqueIdentifier>{9189c86a-f18e-46e0-8640-2d7f32832110}</UniqueIdentifier>
    </Filter>
    <Filter Include="Assign3">
      <UniqueIdentifier>{14d13ad2-293d-429c-9f0f-e3732edf2ceb}</UniqueIdentifier>
    </Filter>
    <Filter Include="Assign4">
      <UniqueIdentifier>{094c6417-a0cf-47fe-ad0d-43d4c637110a}</UniqueIdentifier>
    </Filter>
    <Filter Include="Assign4\prob1">
      <UniqueIdentifier>{7af63ef3-0774-4108-954e-62ff5dedd8f4}</UniqueIdentifier>
    </Filter>
    <Filter Include="Assign3\prob1">
      <UniqueIdentifier>{83e5b5cc-a91c-4a00-ba02-f2c5b5c05aa0}</UniqueIdentifier>
    </Filter>
    <Filter Include="Assign3\prob3">
      <UniqueIdentifier>{fe6ad81e-77c5-4f8a-857f-0ea90000093e}</UniqueIdentifier>
    </Filter>
    <Filter Include="Assign3\prob4">
      <UniqueIdentifier>{f896901a-29f1-49dc-9d28-635e1145d498}</UniqueIdentifier>
    </Filter>
    <Filter Include="Assign4\prob2">
      <UniqueIdentifier>{1e474c66-c9c0-416e-84e3-c3de0c3ae9f8}</UniqueIdentifier>
    </Filter>
    <Filter Include="Assign4\prob3">
      <UniqueIdentifier>{f205eae4-f962-467e-9dec-1daa1137044f}</UniqueIdentifier>
    </Filter>
    <Filter Include="Assign4\prob4">
      <UniqueIdentifier>{7cda6c22-cc94-4e17-9ad4-4449e9c31e62}</UniqueIdentifier>
    </Filter>
    <Filter Include="Assign5">
      <UniqueIdentifier>{2d4066bb-5b53-43fd-8922-1100c65766cc}</UniqueIdentifier>
    </Filter>
  </ItemGroup>
  <ItemGroup>
    <ClCompile Include="..\src\main.cpp" />
    <ClCompile Include="..\src\assign1\assign1.cpp">
      <Filter>Assign1</Filter>
    </ClCompile>
    <ClCompile Include="..\src\assign2\assign2.cpp">
      <Filter>Assign2</Filter>
    </ClCompile>
    <ClCompile Include="..\src\assign3\assign3.cpp">
      <Filter>Assign3</Filter>
    </ClCompile>
    <ClCompile Include="..\src\shared\split.cpp">
      <Filter>_Shared</Filter>
    </ClCompile>
    <ClCompile Include="..\src\assign4\assign4.cpp">
      <Filter>Assign4</Filter>
    </ClCompile>
    <ClCompile Include="..\src\assign3\a3p1.cpp">
      <Filter>Assign3\prob1</Filter>
    </ClCompile>
    <ClCompile Include="..\src\assign3\a3p3.cpp">
      <Filter>Assign3\prob3</Filter>
    </ClCompile>
    <ClCompile Include="..\src\assign3\a3p4.cpp">
      <Filter>Assign3\prob4</Filter>
    </ClCompile>
    <ClCompile Include="..\src\assign4\a4p1.cpp">
      <Filter>Assign4\prob1</Filter>
    </ClCompile>
    <ClCompile Include="..\src\assign4\a4p2.cpp">
      <Filter>Assign4\prob2</Filter>
    </ClCompile>
    <ClCompile Include="..\src\assign4\a4p3.cpp">
      <Filter>Assign4\prob3</Filter>
    </ClCompile>
    <ClCompile Include="..\src\assign4\a4p4.cpp">
      <Filter>Assign4\prob4</Filter>
    </ClCompile>
    <ClCompile Include="..\src\assign5\assign5.cpp">
      <Filter>Assign5</Filter>
    </ClCompile>
    <ClCompile Include="..\src\shared\helpers.cpp">
      <Filter>_Shared</Filter>
    </ClCompile>
  </ItemGroup>
  <ItemGroup>
    <ClInclude Include="..\src\assign4\assign4.hpp">
      <Filter>Assign4</Filter>
    </ClInclude>
    <ClInclude Include="..\src\assign4\a4p1.hpp">
      <Filter>Assign4\prob1</Filter>
    </ClInclude>
    <ClInclude Include="..\src\assign3\assign3.hpp">
      <Filter>Assign3</Filter>
    </ClInclude>
    <ClInclude Include="..\src\assign3\a3p4.hpp">
      <Filter>Assign3\prob4</Filter>
    </ClInclude>
    <ClInclude Include="..\src\assign3\a3p3.hpp">
      <Filter>Assign3\prob3</Filter>
    </ClInclude>
    <ClInclude Include="..\src\assign3\a3p1.hpp">
      <Filter>Assign3\prob1</Filter>
    </ClInclude>
    <ClInclude Include="..\src\assign2\assign2.hpp">
      <Filter>Assign2</Filter>
    </ClInclude>
    <ClInclude Include="..\src\assign1\assign1.hpp">
      <Filter>Assign1</Filter>
    </ClInclude>
    <ClInclude Include="..\src\shared\split.hpp">
      <Filter>_Shared</Filter>
    </ClInclude>
    <ClInclude Include="..\src\shared\matrix.hpp">
      <Filter>_Shared</Filter>
    </ClInclude>
    <ClInclude Include="..\src\shared\helpers.hpp">
      <Filter>_Shared</Filter>
    </ClInclude>
    <ClInclude Include="..\src\shared\centered.hpp">
      <Filter>_Shared</Filter>
    </ClInclude>
    <ClInclude Include="..\src\assign4\a4p2.hpp">
      <Filter>Assign4\prob2</Filter>
    </ClInclude>
    <ClInclude Include="..\src\assign4\a4p3.hpp">
      <Filter>Assign4\prob3</Filter>
    </ClInclude>
    <ClInclude Include="..\src\assign4\a4p4.hpp">
      <Filter>Assign4\prob4</Filter>
    </ClInclude>
    <ClInclude Include="..\src\assign5\assign5.hpp">
      <Filter>Assign5</Filter>
    </ClInclude>
  </ItemGroup>
</Project>