<?xml version="1.0" encoding="utf-8"?>
<Project ToolsVersion="4.0" xmlns="http://schemas.microsoft.com/developer/msbuild/2003">
  <ItemGroup>
    <Filter Include="_Shared">
      <UniqueIdentifier>{93995380-89BD-4b04-88EB-625FBE52EBFB}</UniqueIdentifier>
      <Extensions>h;hh;hpp;hxx;hm;inl;inc;xsd</Extensions>
    </Filter>
    <Filter Include="Assign2">
      <UniqueIdentifier>{67DA6AB6-F800-4c08-8B7A-83BB121AAD01}</UniqueIdentifier>
      <Extensions>rc;ico;cur;bmp;dlg;rc2;rct;bin;rgs;gif;jpg;jpeg;jpe;resx;tiff;tif;png;wav;mfcribbon-ms</Extensions>
    </Filter>
    <Filter Include="Assign1">
      <UniqueIdentifier>{9189c86a-f18e-46e0-8640-2d7f32832110}</UniqueIdentifier>
    </Filter>
    <Filter Include="Assign3">
      <UniqueIdentifier>{14d13ad2-293d-429c-9f0f-e3732edf2ceb}</UniqueIdentifier>
    </Filter>
    <Filter Include="Assign4">
      <UniqueIdentifier>{094c6417-a0cf-47fe-ad0d-43d4c637110a}</UniqueIdentifier>
    </Filter>
  </ItemGroup>
  <ItemGroup>
    <ClCompile Include="..\src\main.cpp" />
    <ClCompile Include="..\src\assign1\assign1.cpp">
      <Filter>Assign1</Filter>
    </ClCompile>
    <ClCompile Include="..\src\assign2\assign2.cpp">
      <Filter>Assign2</Filter>
    </ClCompile>
    <ClCompile Include="..\src\assign3\assign3.cpp">
      <Filter>Assign3</Filter>
    </ClCompile>
    <ClCompile Include="..\src\shared\split.cpp">
      <Filter>_Shared</Filter>
    </ClCompile>
    <ClCompile Include="..\src\assign3\a3p1.cpp">
      <Filter>Assign3</Filter>
    </ClCompile>
    <ClCompile Include="..\src\assign3\a3p3.cpp">
      <Filter>Assign3</Filter>
    </ClCompile>
    <ClCompile Include="..\src\assign3\a3p4.cpp">
      <Filter>Assign3</Filter>
    </ClCompile>
    <ClCompile Include="..\src\assign4\assign4.cpp">
      <Filter>Assign4</Filter>
    </ClCompile>
  </ItemGroup>
  <ItemGroup>
    <ClInclude Include="..\src\shared\centered.h">
      <Filter>_Shared</Filter>
    </ClInclude>
    <ClInclude Include="..\src\shared\eulers.h">
      <Filter>_Shared</Filter>
    </ClInclude>
    <ClInclude Include="..\src\shared\helpers.h">
      <Filter>_Shared</Filter>
    </ClInclude>
    <ClInclude Include="..\src\assign1\assign1.h">
      <Filter>Assign1</Filter>
    </ClInclude>
    <ClInclude Include="..\src\assign2\assign2.h">
      <Filter>Assign2</Filter>
    </ClInclude>
    <ClInclude Include="..\src\assign3\assign3.h">
      <Filter>Assign3</Filter>
    </ClInclude>
    <ClInclude Include="..\src\shared\matrix.h">
      <Filter>_Shared</Filter>
    </ClInclude>
    <ClInclude Include="..\src\shared\split.h">
      <Filter>_Shared</Filter>
    </ClInclude>
    <ClInclude Include="..\src\assign3\a3p1.h">
      <Filter>Assign3</Filter>
    </ClInclude>
    <ClInclude Include="..\src\assign3\a3p3.h">
      <Filter>Assign3</Filter>
    </ClInclude>
    <ClInclude Include="..\src\assign3\a3p4.h">
      <Filter>Assign3</Filter>
    </ClInclude>
    <ClInclude Include="..\src\assign4\assign4.h">
      <Filter>Assign4</Filter>
    </ClInclude>
  </ItemGroup>
</Project>